
Microsoft Visual Studio Solution File, Format Version 12.00
# Visual Studio Version 16
VisualStudioVersion = 16.0.30225.117
MinimumVisualStudioVersion = 10.0.40219.1
Project("{FAE04EC0-301F-11D3-BF4B-00C04F79EFBC}") = "Password Checker", "Password Checker\Password Checker.csproj", "{8F8DA955-FF43-4877-AB90-1A16B97DEE5E}"
EndProject
Global
	GlobalSection(SolutionConfigurationPlatforms) = preSolution
		Debug|Any CPU = Debug|Any CPU
		Release|Any CPU = Release|Any CPU
	EndGlobalSection
	GlobalSection(ProjectConfigurationPlatforms) = postSolution
		{8F8DA955-FF43-4877-AB90-1A16B97DEE5E}.Debug|Any CPU.ActiveCfg = Debug|Any CPU
		{8F8DA955-FF43-4877-AB90-1A16B97DEE5E}.Debug|Any CPU.Build.0 = Debug|Any CPU
		{8F8DA955-FF43-4877-AB90-1A16B97DEE5E}.Release|Any CPU.ActiveCfg = Release|Any CPU
		{8F8DA955-FF43-4877-AB90-1A16B97DEE5E}.Release|Any CPU.Build.0 = Release|Any CPU
	EndGlobalSection
	GlobalSection(SolutionProperties) = preSolution
		HideSolutionNode = FALSE
	EndGlobalSection
	GlobalSection(ExtensibilityGlobals) = postSolution
		SolutionGuid = {1571ECFA-CA53-4218-9481-A51EE15E7B06}
	EndGlobalSection
EndGlobal
